
Microsoft Visual Studio Solution File, Format Version 12.00
# Visual Studio Version 17
VisualStudioVersion = 17.4.33213.308
MinimumVisualStudioVersion = 10.0.40219.1
Project("{FAE04EC0-301F-11D3-BF4B-00C04F79EFBC}") = "HttpClientSample", "HttpClientSample\HttpClientSample.csproj", "{1D497792-1D24-4F3C-9A52-43C2BC060E0A}"
EndProject
Global
	GlobalSection(SolutionConfigurationPlatforms) = preSolution
		Debug|Any CPU = Debug|Any CPU
		Release|Any CPU = Release|Any CPU
	EndGlobalSection
	GlobalSection(ProjectConfigurationPlatforms) = postSolution
		{1D497792-1D24-4F3C-9A52-43C2BC060E0A}.Debug|Any CPU.ActiveCfg = Debug|Any CPU
		{1D497792-1D24-4F3C-9A52-43C2BC060E0A}.Debug|Any CPU.Build.0 = Debug|Any CPU
		{1D497792-1D24-4F3C-9A52-43C2BC060E0A}.Release|Any CPU.ActiveCfg = Release|Any CPU
		{1D497792-1D24-4F3C-9A52-43C2BC060E0A}.Release|Any CPU.Build.0 = Release|Any CPU
	EndGlobalSection
	GlobalSection(SolutionProperties) = preSolution
		HideSolutionNode = FALSE
	EndGlobalSection
	GlobalSection(ExtensibilityGlobals) = postSolution
		SolutionGuid = {FD961D73-F527-4630-9626-9DD9DC6D2F3E}
	EndGlobalSection
EndGlobal
